
Microsoft Visual Studio Solution File, Format Version 11.00
# Visual Studio 2010
Project("{FAE04EC0-301F-11D3-BF4B-00C04F79EFBC}") = "Assembly-CSharp-firstpass", "Assembly-CSharp-firstpass.csproj", "{7FDF6417-8F4D-763D-300B-7C6D01E54653}"
EndProject
Project("{FAE04EC0-301F-11D3-BF4B-00C04F79EFBC}") = "Assembly-CSharp", "Assembly-CSharp.csproj", "{16D62D4B-08F7-5217-359B-54CB1DBC7AA9}"
EndProject
Project("{FAE04EC0-301F-11D3-BF4B-00C04F79EFBC}") = "Assembly-CSharp-Editor-firstpass", "Assembly-CSharp-Editor-firstpass.csproj", "{74EC667B-A260-8964-AE83-7B8FFC38E4EA}"
EndProject
Project("{FAE04EC0-301F-11D3-BF4B-00C04F79EFBC}") = "Assembly-CSharp-Editor", "Assembly-CSharp-Editor.csproj", "{59E6E628-5126-D5D8-1E08-B1BD28FD3D1D}"
EndProject
Global
	GlobalSection(SolutionConfigurationPlatforms) = preSolution
		Debug|Any CPU = Debug|Any CPU
		Release|Any CPU = Release|Any CPU
	EndGlobalSection
	GlobalSection(ProjectConfigurationPlatforms) = postSolution
		{7FDF6417-8F4D-763D-300B-7C6D01E54653}.Debug|Any CPU.ActiveCfg = Debug|Any CPU
		{7FDF6417-8F4D-763D-300B-7C6D01E54653}.Debug|Any CPU.Build.0 = Debug|Any CPU
		{7FDF6417-8F4D-763D-300B-7C6D01E54653}.Release|Any CPU.ActiveCfg = Release|Any CPU
		{7FDF6417-8F4D-763D-300B-7C6D01E54653}.Release|Any CPU.Build.0 = Release|Any CPU
		{16D62D4B-08F7-5217-359B-54CB1DBC7AA9}.Debug|Any CPU.ActiveCfg = Debug|Any CPU
		{16D62D4B-08F7-5217-359B-54CB1DBC7AA9}.Debug|Any CPU.Build.0 = Debug|Any CPU
		{16D62D4B-08F7-5217-359B-54CB1DBC7AA9}.Release|Any CPU.ActiveCfg = Release|Any CPU
		{16D62D4B-08F7-5217-359B-54CB1DBC7AA9}.Release|Any CPU.Build.0 = Release|Any CPU
		{74EC667B-A260-8964-AE83-7B8FFC38E4EA}.Debug|Any CPU.ActiveCfg = Debug|Any CPU
		{74EC667B-A260-8964-AE83-7B8FFC38E4EA}.Debug|Any CPU.Build.0 = Debug|Any CPU
		{74EC667B-A260-8964-AE83-7B8FFC38E4EA}.Release|Any CPU.ActiveCfg = Release|Any CPU
		{74EC667B-A260-8964-AE83-7B8FFC38E4EA}.Release|Any CPU.Build.0 = Release|Any CPU
		{59E6E628-5126-D5D8-1E08-B1BD28FD3D1D}.Debug|Any CPU.ActiveCfg = Debug|Any CPU
		{59E6E628-5126-D5D8-1E08-B1BD28FD3D1D}.Debug|Any CPU.Build.0 = Debug|Any CPU
		{59E6E628-5126-D5D8-1E08-B1BD28FD3D1D}.Release|Any CPU.ActiveCfg = Release|Any CPU
		{59E6E628-5126-D5D8-1E08-B1BD28FD3D1D}.Release|Any CPU.Build.0 = Release|Any CPU
	EndGlobalSection
	GlobalSection(SolutionProperties) = preSolution
		HideSolutionNode = FALSE
	EndGlobalSection
	GlobalSection(MonoDevelopProperties) = preSolution
		StartupItem = Assembly-CSharp.csproj
	EndGlobalSection
EndGlobal
